{
  "nodes": {
    "CSharpLanguageServer": {
      "flake": false,
      "locked": {
        "lastModified": 1672402157,
        "narHash": "sha256-cGy09Q8wzQBH65n2zzIrmqOMkXtq6ylbwe6/tMbVNWw=",
        "owner": "razzmatazz",
        "repo": "csharp-language-server",
        "rev": "626386f317627717b5a74503d54285bb09e804d8",
        "type": "github"
      },
      "original": {
        "owner": "razzmatazz",
        "ref": "0.6.0",
        "repo": "csharp-language-server",
        "type": "github"
      }
    },
    "angle2": {
      "flake": false,
      "locked": {
        "lastModified": 1676285950,
        "narHash": "sha256-7M1eB4FDSGPRf6ocvXc+joLieZp/wuQhoaNkkq4r/JE=",
        "ref": "refs/heads/main",
        "rev": "6374ac64b8882c15de9154506f4aed3b26a7f616",
        "revCount": 20506,
        "type": "git",
        "url": "https://chromium.googlesource.com/angle/angle.git"
      },
      "original": {
        "type": "git",
        "url": "https://chromium.googlesource.com/angle/angle.git"
      }
    },
    "flake-utils": {
      "locked": {
        "lastModified": 1667395993,
        "narHash": "sha256-nuEHfE/LcWyuSWnS8t12N1wc105Qtau+/OdUAjtQ0rA=",
        "owner": "numtide",
        "repo": "flake-utils",
        "rev": "5aed5285a952e0b949eb3ba02c12fa4fcfef535f",
        "type": "github"
      },
      "original": {
        "id": "flake-utils",
        "type": "indirect"
      }
    },
    "nixpkgs": {
      "locked": {
        "lastModified": 1671883564,
        "narHash": "sha256-C15oAtyupmLB3coZY7qzEHXjhtUx/+77olVdqVMruAg=",
        "path": "/nix/store/0b1s6l5i9izifskg8kgc29jn5bzgdjnv-source",
        "rev": "dac57a4eccf1442e8bf4030df6fcbb55883cb682",
        "type": "path"
      },
      "original": {
        "id": "nixpkgs",
        "type": "indirect"
      }
    },
    "piex": {
      "flake": false,
      "locked": {
        "lastModified": 1663989617,
        "narHash": "sha256-p/kWjwE7CSsy610Ki6brELWNhcfAGt36KsJkwdeAuoo=",
        "ref": "refs/heads/master",
        "rev": "98ecd898ea61034d9f88adf50c7d82fd3ade1b2b",
        "revCount": 241,
        "type": "git",
        "url": "https://android.googlesource.com/platform/external/piex.git"
      },
      "original": {
        "type": "git",
        "url": "https://android.googlesource.com/platform/external/piex.git"
      }
    },
    "root": {
      "inputs": {
        "CSharpLanguageServer": "CSharpLanguageServer",
        "angle2": "angle2",
        "flake-utils": "flake-utils",
        "nixpkgs": "nixpkgs",
        "piex": "piex",
        "skia": "skia",
        "skiaSharp": "skiaSharp"
      }
    },
    "skia": {
      "flake": false,
      "locked": {
        "lastModified": 1659990145,
        "narHash": "sha256-FqVWnFN+dBBp6iDQxDCkohShbCz58QXMlXruyF8UYM4=",
        "owner": "mono",
        "repo": "skia",
        "rev": "0c6ddc9e450c4a822ea10548b360e821ad97991e",
        "type": "github"
      },
      "original": {
        "owner": "mono",
        "ref": "v2.88.3",
        "repo": "skia",
        "type": "github"
      }
    },
    "skiaSharp": {
      "flake": false,
      "locked": {
        "lastModified": 1664826228,
        "narHash": "sha256-HmGN/iODzf9n2n0No9gWkQjGfDW9jw9hTODEI90acCc=",
        "owner": "mono",
        "repo": "SkiaSharp",
        "rev": "655cff084fa9365efde6e989004eb818294c9b0f",
        "type": "github"
      },
      "original": {
        "owner": "mono",
        "ref": "v2.88.3",
        "repo": "SkiaSharp",
        "type": "github"
      }
    }
  },
  "root": "root",
  "version": 7
}
